
Microsoft Visual Studio Solution File, Format Version 12.00
# Visual Studio Version 16
VisualStudioVersion = 16.0.30204.135
MinimumVisualStudioVersion = 10.0.40219.1
Project("{8BC9CEB8-8B4A-11D0-8D11-00A0C91BC942}") = "Program 1", "Program 1\Program 1.vcxproj", "{922BB6A0-FEC4-4A3B-9A89-19B0F26A4896}"
EndProject
Project("{8BC9CEB8-8B4A-11D0-8D11-00A0C91BC942}") = "Program 2", "Program 2\Program 2.vcxproj", "{4733873A-48F9-45AA-BABF-0AB97552AEF3}"
EndProject
Project("{8BC9CEB8-8B4A-11D0-8D11-00A0C91BC942}") = "Program 2 - 2019", "Program 2 - 2019\Program 2 - 2019.vcxproj", "{C4CE44F9-3B7B-4409-A179-2175B7E9831C}"
EndProject
Global
	GlobalSection(SolutionConfigurationPlatforms) = preSolution
		Debug|x64 = Debug|x64
		Debug|x86 = Debug|x86
		Release|x64 = Release|x64
		Release|x86 = Release|x86
	EndGlobalSection
	GlobalSection(ProjectConfigurationPlatforms) = postSolution
		{922BB6A0-FEC4-4A3B-9A89-19B0F26A4896}.Debug|x64.ActiveCfg = Debug|x64
		{922BB6A0-FEC4-4A3B-9A89-19B0F26A4896}.Debug|x64.Build.0 = Debug|x64
		{922BB6A0-FEC4-4A3B-9A89-19B0F26A4896}.Debug|x86.ActiveCfg = Debug|Win32
		{922BB6A0-FEC4-4A3B-9A89-19B0F26A4896}.Debug|x86.Build.0 = Debug|Win32
		{922BB6A0-FEC4-4A3B-9A89-19B0F26A4896}.Release|x64.ActiveCfg = Release|x64
		{922BB6A0-FEC4-4A3B-9A89-19B0F26A4896}.Release|x64.Build.0 = Release|x64
		{922BB6A0-FEC4-4A3B-9A89-19B0F26A4896}.Release|x86.ActiveCfg = Release|Win32
		{922BB6A0-FEC4-4A3B-9A89-19B0F26A4896}.Release|x86.Build.0 = Release|Win32
		{4733873A-48F9-45AA-BABF-0AB97552AEF3}.Debug|x64.ActiveCfg = Debug|x64
		{4733873A-48F9-45AA-BABF-0AB97552AEF3}.Debug|x64.Build.0 = Debug|x64
		{4733873A-48F9-45AA-BABF-0AB97552AEF3}.Debug|x86.ActiveCfg = Debug|Win32
		{4733873A-48F9-45AA-BABF-0AB97552AEF3}.Debug|x86.Build.0 = Debug|Win32
		{4733873A-48F9-45AA-BABF-0AB97552AEF3}.Release|x64.ActiveCfg = Release|x64
		{4733873A-48F9-45AA-BABF-0AB97552AEF3}.Release|x64.Build.0 = Release|x64
		{4733873A-48F9-45AA-BABF-0AB97552AEF3}.Release|x86.ActiveCfg = Release|Win32
		{4733873A-48F9-45AA-BABF-0AB97552AEF3}.Release|x86.Build.0 = Release|Win32
		{C4CE44F9-3B7B-4409-A179-2175B7E9831C}.Debug|x64.ActiveCfg = Debug|x64
		{C4CE44F9-3B7B-4409-A179-2175B7E9831C}.Debug|x64.Build.0 = Debug|x64
		{C4CE44F9-3B7B-4409-A179-2175B7E9831C}.Debug|x86.ActiveCfg = Debug|Win32
		{C4CE44F9-3B7B-4409-A179-2175B7E9831C}.Debug|x86.Build.0 = Debug|Win32
		{C4CE44F9-3B7B-4409-A179-2175B7E9831C}.Release|x64.ActiveCfg = Release|x64
		{C4CE44F9-3B7B-4409-A179-2175B7E9831C}.Release|x64.Build.0 = Release|x64
		{C4CE44F9-3B7B-4409-A179-2175B7E9831C}.Release|x86.ActiveCfg = Release|Win32
		{C4CE44F9-3B7B-4409-A179-2175B7E9831C}.Release|x86.Build.0 = Release|Win32
	EndGlobalSection
	GlobalSection(SolutionProperties) = preSolution
		HideSolutionNode = FALSE
	EndGlobalSection
	GlobalSection(ExtensibilityGlobals) = postSolution
		SolutionGuid = {7CE9ACD3-F1CF-4270-8494-26ABA2715FCB}
	EndGlobalSection
EndGlobal
